{
  "originHash" : "67a723f62677d53cf3cbf3103ec9b5bbb961ea36904a9ee65e14c63f9da116de",
  "pins" : [
    {
      "identity" : "fluidaudio",
      "kind" : "remoteSourceControl",
      "location" : "https://github.com/FluidInference/FluidAudio.git",
      "state" : {
        "revision" : "503b4bd1bbf7220882de39fe8ae6716aae4132da",
        "version" : "0.17.7"
      }
    }
  ],
  "version" : 3
}
