{
  "originHash" : "67a723f62677d53cf3cbf3103ec9b5bbb961ea36904a9ee65e14c63f9da116de",
  "pins" : [
    {
      "identity" : "fluidaudio",
      "kind" : "remoteSourceControl",
      "location" : "https://github.com/FluidInference/FluidAudio.git",
      "state" : {
        "revision" : "0b1f46289fe27d95b5e66ad8be46e64f5ee02ae7",
        "version" : "0.17.5"
      }
    }
  ],
  "version" : 3
}
